PODS:
  - BBUDeviceColors (0.1.0)
  - KeychainAccess (1.2.0)
  - Keys (1.0.0)
  - MMWormhole (1.1.1):
    - MMWormhole/Core (= 1.1.1)
  - MMWormhole/Core (1.1.1)
  - SpotifySDK (0.1.0)

DEPENDENCIES:
  - BBUDeviceColors
  - KeychainAccess
  - Keys (from `Pods/CocoaPodsKeys/`)
  - MMWormhole
  - SpotifySDK (from `https://github.com/neonichu/ios-sdk`)

EXTERNAL SOURCES:
  Keys:
    :path: Pods/CocoaPodsKeys/
  SpotifySDK:
    :git: https://github.com/neonichu/ios-sdk

CHECKOUT OPTIONS:
  SpotifySDK:
    :commit: 41780e8f7246e2a5c5afe1083b28f62d7bf3d39d
    :git: https://github.com/neonichu/ios-sdk

SPEC CHECKSUMS:
  BBUDeviceColors: 4b8c0958a45c14f9e9a6fbec915f71c01017ef1b
  KeychainAccess: 6ff20bd4990b4840d8bde4e977f8c58e0fe7f3c1
  Keys: 7d2ff6ff42f6903358267ce56e9392f83c31acfe
  MMWormhole: 941cd168b4afd6073f883b82944d6eded4e00203
  SpotifySDK: e7b205876d5938dc3978a2074d199653089072c9

COCOAPODS: 0.37.1
