PODS:
  - KeychainAccess (1.2.0)
  - Keys (1.0.0)
  - SpotifySDK (0.1.0)

DEPENDENCIES:
  - KeychainAccess
  - Keys (from `Pods/CocoaPodsKeys/`)
  - SpotifySDK (from `../../Sources/spotify-ios-sdk`)

EXTERNAL SOURCES:
  Keys:
    :path: Pods/CocoaPodsKeys/
  SpotifySDK:
    :path: ../../Sources/spotify-ios-sdk

SPEC CHECKSUMS:
  KeychainAccess: 6ff20bd4990b4840d8bde4e977f8c58e0fe7f3c1
  Keys: 7d2ff6ff42f6903358267ce56e9392f83c31acfe
  SpotifySDK: e7b205876d5938dc3978a2074d199653089072c9

COCOAPODS: 0.37.1
