// !$*UTF8*$!
{
	archiveVersion = 1;
	classes = {
	};
	objectVersion = 46;
	objects = {

/* Begin PBXBuildFile section */
		51CE40442C9D7ED93ED34BE6 /* Pods_CoolSpot_WatchKit_Extension.framework in Frameworks */ = {isa = PBXBuildFile; fileRef = 50716272FAE3FA83AAF6DFB7 /* Pods_CoolSpot_WatchKit_Extension.framework */; settings = {ATTRIBUTES = (Weak, ); }; };
		99D664EC072672D19310B430 /* Pods.framework in Frameworks */ = {isa = PBXBuildFile; fileRef = 9870A09E9802D1188D79C816 /* Pods.framework */; settings = {ATTRIBUTES = (Weak, ); }; };
		A14279CC1B02AE5E0086CB6F /* Launch Screen.xib in Resources */ = {isa = PBXBuildFile; fileRef = A14279CB1B02AE5E0086CB6F /* Launch Screen.xib */; };
		A14279CE1B02AF910086CB6F /* app-icon.png in Resources */ = {isa = PBXBuildFile; fileRef = A14279CD1B02AF910086CB6F /* app-icon.png */; };
		A15A5A76194DE7D600FDE271 /* AppDelegate.swift in Sources */ = {isa = PBXBuildFile; fileRef = A15A5A75194DE7D600FDE271 /* AppDelegate.swift */; };
		A15A5A78194DE7D600FDE271 /* Images.xcassets in Resources */ = {isa = PBXBuildFile; fileRef = A15A5A77194DE7D600FDE271 /* Images.xcassets */; };
		A15A5A84194DE7D600FDE271 /* CoolSpotTests.swift in Sources */ = {isa = PBXBuildFile; fileRef = A15A5A83194DE7D600FDE271 /* CoolSpotTests.swift */; };
		A1DA12251B01715600346D6B /* InterfaceController.swift in Sources */ = {isa = PBXBuildFile; fileRef = A1DA12241B01715600346D6B /* InterfaceController.swift */; };
		A1DA12291B01715600346D6B /* Images.xcassets in Resources */ = {isa = PBXBuildFile; fileRef = A1DA12281B01715600346D6B /* Images.xcassets */; };
		A1DA122D1B01715600346D6B /* CoolSpot WatchKit App.app in Resources */ = {isa = PBXBuildFile; fileRef = A1DA122C1B01715600346D6B /* CoolSpot WatchKit App.app */; };
		A1DA12351B01715600346D6B /* Interface.storyboard in Resources */ = {isa = PBXBuildFile; fileRef = A1DA12331B01715600346D6B /* Interface.storyboard */; };
		A1DA12371B01715600346D6B /* Images.xcassets in Resources */ = {isa = PBXBuildFile; fileRef = A1DA12361B01715600346D6B /* Images.xcassets */; };
		A1DA123A1B01715600346D6B /* CoolSpot WatchKit Extension.appex in Embed App Extensions */ = {isa = PBXBuildFile; fileRef = A1DA121F1B01715600346D6B /* CoolSpot WatchKit Extension.appex */; settings = {ATTRIBUTES = (RemoveHeadersOnCopy, ); }; };
		A1DA12451B01758100346D6B /* Constants.swift in Sources */ = {isa = PBXBuildFile; fileRef = A1DA12441B01758100346D6B /* Constants.swift */; };
		A1DA12461B01758100346D6B /* Constants.swift in Sources */ = {isa = PBXBuildFile; fileRef = A1DA12441B01758100346D6B /* Constants.swift */; };
/* End PBXBuildFile section */

/* Begin PBXContainerItemProxy section */
		A15A5A7E194DE7D600FDE271 /* PBXContainerItemProxy */ = {
			isa = PBXContainerItemProxy;
			containerPortal = A15A5A68194DE7D600FDE271 /* Project object */;
			proxyType = 1;
			remoteGlobalIDString = A15A5A6F194DE7D600FDE271;
			remoteInfo = CoolSpot;
		};
		A15A5A8D194DE7DC00FDE271 /* PBXContainerItemProxy */ = {
			isa = PBXContainerItemProxy;
			containerPortal = A15A5A68194DE7D600FDE271 /* Project object */;
			proxyType = 1;
			remoteGlobalIDString = A15A5A6F194DE7D600FDE271;
			remoteInfo = CoolSpot;
		};
		A15A5A8F194DE7DC00FDE271 /* PBXContainerItemProxy */ = {
			isa = PBXContainerItemProxy;
			containerPortal = A15A5A68194DE7D600FDE271 /* Project object */;
			proxyType = 1;
			remoteGlobalIDString = A15A5A6F194DE7D600FDE271;
			remoteInfo = CoolSpot;
		};
		A15A5A91194DE7E200FDE271 /* PBXContainerItemProxy */ = {
			isa = PBXContainerItemProxy;
			containerPortal = A15A5A68194DE7D600FDE271 /* Project object */;
			proxyType = 1;
			remoteGlobalIDString = A15A5A6F194DE7D600FDE271;
			remoteInfo = CoolSpot;
		};
		A15A5A93194DE83200FDE271 /* PBXContainerItemProxy */ = {
			isa = PBXContainerItemProxy;
			containerPortal = A15A5A68194DE7D600FDE271 /* Project object */;
			proxyType = 1;
			remoteGlobalIDString = A15A5A6F194DE7D600FDE271;
			remoteInfo = CoolSpot;
		};
		A15A5A95194DE83200FDE271 /* PBXContainerItemProxy */ = {
			isa = PBXContainerItemProxy;
			containerPortal = A15A5A68194DE7D600FDE271 /* Project object */;
			proxyType = 1;
			remoteGlobalIDString = A15A5A6F194DE7D600FDE271;
			remoteInfo = CoolSpot;
		};
		A15A5A97194DE86200FDE271 /* PBXContainerItemProxy */ = {
			isa = PBXContainerItemProxy;
			containerPortal = A15A5A68194DE7D600FDE271 /* Project object */;
			proxyType = 1;
			remoteGlobalIDString = A15A5A6F194DE7D600FDE271;
			remoteInfo = CoolSpot;
		};
		A15A5A9A194DE89600FDE271 /* PBXContainerItemProxy */ = {
			isa = PBXContainerItemProxy;
			containerPortal = A15A5A68194DE7D600FDE271 /* Project object */;
			proxyType = 1;
			remoteGlobalIDString = A15A5A6F194DE7D600FDE271;
			remoteInfo = CoolSpot;
		};
		A15A5A9C194DE8B900FDE271 /* PBXContainerItemProxy */ = {
			isa = PBXContainerItemProxy;
			containerPortal = A15A5A68194DE7D600FDE271 /* Project object */;
			proxyType = 1;
			remoteGlobalIDString = A15A5A6F194DE7D600FDE271;
			remoteInfo = CoolSpot;
		};
		A1DA122E1B01715600346D6B /* PBXContainerItemProxy */ = {
			isa = PBXContainerItemProxy;
			containerPortal = A15A5A68194DE7D600FDE271 /* Project object */;
			proxyType = 1;
			remoteGlobalIDString = A1DA122B1B01715600346D6B;
			remoteInfo = "CoolSpot WatchKit App";
		};
		A1DA12381B01715600346D6B /* PBXContainerItemProxy */ = {
			isa = PBXContainerItemProxy;
			containerPortal = A15A5A68194DE7D600FDE271 /* Project object */;
			proxyType = 1;
			remoteGlobalIDString = A1DA121E1B01715600346D6B;
			remoteInfo = "CoolSpot WatchKit Extension";
		};
/* End PBXContainerItemProxy section */

/* Begin PBXCopyFilesBuildPhase section */
		A1DA12411B01715600346D6B /* Embed App Extensions */ = {
			isa = PBXCopyFilesBuildPhase;
			buildActionMask = 2147483647;
			dstPath = "";
			dstSubfolderSpec = 13;
			files = (
				A1DA123A1B01715600346D6B /* CoolSpot WatchKit Extension.appex in Embed App Extensions */,
			);
			name = "Embed App Extensions";
			runOnlyForDeploymentPostprocessing = 0;
		};
/* End PBXCopyFilesBuildPhase section */

/* Begin PBXFileReference section */
		328159BE741B69D0DC4FC71D /* Pods-CoolSpot WatchKit Extension.release.xcconfig */ = {isa = PBXFileReference; includeInIndex = 1; lastKnownFileType = text.xcconfig; name = "Pods-CoolSpot WatchKit Extension.release.xcconfig"; path = "Pods/Target Support Files/Pods-CoolSpot WatchKit Extension/Pods-CoolSpot WatchKit Extension.release.xcconfig"; sourceTree = "<group>"; };
		50716272FAE3FA83AAF6DFB7 /* Pods_CoolSpot_WatchKit_Extension.framework */ = {isa = PBXFileReference; explicitFileType = wrapper.framework; includeInIndex = 0; path = Pods_CoolSpot_WatchKit_Extension.framework; sourceTree = BUILT_PRODUCTS_DIR; };
		9870A09E9802D1188D79C816 /* Pods.framework */ = {isa = PBXFileReference; explicitFileType = wrapper.framework; includeInIndex = 0; path = Pods.framework; sourceTree = BUILT_PRODUCTS_DIR; };
		A14279CB1B02AE5E0086CB6F /* Launch Screen.xib */ = {isa = PBXFileReference; fileEncoding = 4; lastKnownFileType = file.xib; path = "Launch Screen.xib"; sourceTree = "<group>"; };
		A14279CD1B02AF910086CB6F /* app-icon.png */ = {isa = PBXFileReference; lastKnownFileType = image.png; path = "app-icon.png"; sourceTree = "<group>"; };
		A15A5A70194DE7D600FDE271 /* CoolSpot.app */ = {isa = PBXFileReference; explicitFileType = wrapper.application; includeInIndex = 0; path = CoolSpot.app; sourceTree = BUILT_PRODUCTS_DIR; };
		A15A5A74194DE7D600FDE271 /* Info.plist */ = {isa = PBXFileReference; lastKnownFileType = text.plist.xml; path = Info.plist; sourceTree = "<group>"; };
		A15A5A75194DE7D600FDE271 /* AppDelegate.swift */ = {isa = PBXFileReference; lastKnownFileType = sourcecode.swift; path = AppDelegate.swift; sourceTree = "<group>"; };
		A15A5A77194DE7D600FDE271 /* Images.xcassets */ = {isa = PBXFileReference; lastKnownFileType = folder.assetcatalog; path = Images.xcassets; sourceTree = "<group>"; };
		A15A5A7D194DE7D600FDE271 /* CoolSpotTests.xctest */ = {isa = PBXFileReference; explicitFileType = wrapper.cfbundle; includeInIndex = 0; path = CoolSpotTests.xctest; sourceTree = BUILT_PRODUCTS_DIR; };
		A15A5A82194DE7D600FDE271 /* Info.plist */ = {isa = PBXFileReference; lastKnownFileType = text.plist.xml; path = Info.plist; sourceTree = "<group>"; };
		A15A5A83194DE7D600FDE271 /* CoolSpotTests.swift */ = {isa = PBXFileReference; lastKnownFileType = sourcecode.swift; path = CoolSpotTests.swift; sourceTree = "<group>"; };
		A1DA121F1B01715600346D6B /* CoolSpot WatchKit Extension.appex */ = {isa = PBXFileReference; explicitFileType = "wrapper.app-extension"; includeInIndex = 0; path = "CoolSpot WatchKit Extension.appex"; sourceTree = BUILT_PRODUCTS_DIR; };
		A1DA12221B01715600346D6B /* Info.plist */ = {isa = PBXFileReference; lastKnownFileType = text.plist.xml; path = Info.plist; sourceTree = "<group>"; };
		A1DA12241B01715600346D6B /* InterfaceController.swift */ = {isa = PBXFileReference; lastKnownFileType = sourcecode.swift; path = InterfaceController.swift; sourceTree = "<group>"; };
		A1DA12281B01715600346D6B /* Images.xcassets */ = {isa = PBXFileReference; lastKnownFileType = folder.assetcatalog; path = Images.xcassets; sourceTree = "<group>"; };
		A1DA122C1B01715600346D6B /* CoolSpot WatchKit App.app */ = {isa = PBXFileReference; explicitFileType = wrapper.application; includeInIndex = 0; path = "CoolSpot WatchKit App.app"; sourceTree = BUILT_PRODUCTS_DIR; };
		A1DA12321B01715600346D6B /* Info.plist */ = {isa = PBXFileReference; lastKnownFileType = text.plist.xml; path = Info.plist; sourceTree = "<group>"; };
		A1DA12341B01715600346D6B /* Base */ = {isa = PBXFileReference; lastKnownFileType = file.storyboard; name = Base; path = Base.lproj/Interface.storyboard; sourceTree = "<group>"; };
		A1DA12361B01715600346D6B /* Images.xcassets */ = {isa = PBXFileReference; lastKnownFileType = folder.assetcatalog; path = Images.xcassets; sourceTree = "<group>"; };
		A1DA12421B01753200346D6B /* CoolSpot WatchKit Extension.entitlements */ = {isa = PBXFileReference; lastKnownFileType = text.xml; path = "CoolSpot WatchKit Extension.entitlements"; sourceTree = "<group>"; };
		A1DA12431B01754D00346D6B /* CoolSpot.entitlements */ = {isa = PBXFileReference; lastKnownFileType = text.xml; path = CoolSpot.entitlements; sourceTree = "<group>"; };
		A1DA12441B01758100346D6B /* Constants.swift */ = {isa = PBXFileReference; fileEncoding = 4; lastKnownFileType = sourcecode.swift; path = Constants.swift; sourceTree = "<group>"; };
		ADF7260D923B3A2B1E42D56E /* Pods.release.xcconfig */ = {isa = PBXFileReference; includeInIndex = 1; lastKnownFileType = text.xcconfig; name = Pods.release.xcconfig; path = "Pods/Target Support Files/Pods/Pods.release.xcconfig"; sourceTree = "<group>"; };
		D678D9176BCB29630D288C19 /* Pods.debug.xcconfig */ = {isa = PBXFileReference; includeInIndex = 1; lastKnownFileType = text.xcconfig; name = Pods.debug.xcconfig; path = "Pods/Target Support Files/Pods/Pods.debug.xcconfig"; sourceTree = "<group>"; };
		FCD3E819C57A5620FC6706DC /* Pods-CoolSpot WatchKit Extension.debug.xcconfig */ = {isa = PBXFileReference; includeInIndex = 1; lastKnownFileType = text.xcconfig; name = "Pods-CoolSpot WatchKit Extension.debug.xcconfig"; path = "Pods/Target Support Files/Pods-CoolSpot WatchKit Extension/Pods-CoolSpot WatchKit Extension.debug.xcconfig"; sourceTree = "<group>"; };
/* End PBXFileReference section */

/* Begin PBXFrameworksBuildPhase section */
		A15A5A6D194DE7D600FDE271 /* Frameworks */ = {
			isa = PBXFrameworksBuildPhase;
			buildActionMask = 2147483647;
			files = (
				99D664EC072672D19310B430 /* Pods.framework in Frameworks */,
			);
			runOnlyForDeploymentPostprocessing = 0;
		};
		A15A5A7A194DE7D600FDE271 /* Frameworks */ = {
			isa = PBXFrameworksBuildPhase;
			buildActionMask = 2147483647;
			files = (
			);
			runOnlyForDeploymentPostprocessing = 0;
		};
		A1DA121C1B01715600346D6B /* Frameworks */ = {
			isa = PBXFrameworksBuildPhase;
			buildActionMask = 2147483647;
			files = (
				51CE40442C9D7ED93ED34BE6 /* Pods_CoolSpot_WatchKit_Extension.framework in Frameworks */,
			);
			runOnlyForDeploymentPostprocessing = 0;
		};
/* End PBXFrameworksBuildPhase section */

/* Begin PBXGroup section */
		A15A5A67194DE7D600FDE271 = {
			isa = PBXGroup;
			children = (
				A15A5A72194DE7D600FDE271 /* Code */,
				E41FAC88E765D958B8FED862 /* Frameworks */,
				B26EDC234D2B16A02E864FD3 /* Pods */,
				A15A5A71194DE7D600FDE271 /* Products */,
				A15A5A99194DE86500FDE271 /* Resources */,
				A15A5A73194DE7D600FDE271 /* Supporting Files */,
				A15A5A80194DE7D600FDE271 /* Tests */,
				A1DA12301B01715600346D6B /* WatchKit App */,
				A1DA12201B01715600346D6B /* WatchKit Extension */,
			);
			sourceTree = "<group>";
		};
		A15A5A71194DE7D600FDE271 /* Products */ = {
			isa = PBXGroup;
			children = (
				A15A5A70194DE7D600FDE271 /* CoolSpot.app */,
				A15A5A7D194DE7D600FDE271 /* CoolSpotTests.xctest */,
				A1DA121F1B01715600346D6B /* CoolSpot WatchKit Extension.appex */,
				A1DA122C1B01715600346D6B /* CoolSpot WatchKit App.app */,
			);
			name = Products;
			sourceTree = "<group>";
		};
		A15A5A72194DE7D600FDE271 /* Code */ = {
			isa = PBXGroup;
			children = (
				A15A5A75194DE7D600FDE271 /* AppDelegate.swift */,
				A1DA12441B01758100346D6B /* Constants.swift */,
			);
			path = Code;
			sourceTree = "<group>";
		};
		A15A5A73194DE7D600FDE271 /* Supporting Files */ = {
			isa = PBXGroup;
			children = (
				A1DA12431B01754D00346D6B /* CoolSpot.entitlements */,
				A15A5A74194DE7D600FDE271 /* Info.plist */,
			);
			path = "Supporting Files";
			sourceTree = "<group>";
		};
		A15A5A80194DE7D600FDE271 /* Tests */ = {
			isa = PBXGroup;
			children = (
				A15A5A83194DE7D600FDE271 /* CoolSpotTests.swift */,
				A15A5A82194DE7D600FDE271 /* Info.plist */,
			);
			path = Tests;
			sourceTree = "<group>";
		};
		A15A5A99194DE86500FDE271 /* Resources */ = {
			isa = PBXGroup;
			children = (
				A14279CD1B02AF910086CB6F /* app-icon.png */,
				A15A5A77194DE7D600FDE271 /* Images.xcassets */,
				A14279CB1B02AE5E0086CB6F /* Launch Screen.xib */,
			);
			path = Resources;
			sourceTree = "<group>";
		};
		A1DA12201B01715600346D6B /* WatchKit Extension */ = {
			isa = PBXGroup;
			children = (
				A1DA12421B01753200346D6B /* CoolSpot WatchKit Extension.entitlements */,
				A1DA12281B01715600346D6B /* Images.xcassets */,
				A1DA12241B01715600346D6B /* InterfaceController.swift */,
				A1DA12221B01715600346D6B /* Info.plist */,
			);
			path = "WatchKit Extension";
			sourceTree = "<group>";
		};
		A1DA12301B01715600346D6B /* WatchKit App */ = {
			isa = PBXGroup;
			children = (
				A1DA12361B01715600346D6B /* Images.xcassets */,
				A1DA12331B01715600346D6B /* Interface.storyboard */,
				A1DA12321B01715600346D6B /* Info.plist */,
				A1DA12311B01715600346D6B /* Supporting Files */,
			);
			path = "WatchKit App";
			sourceTree = "<group>";
		};
		A1DA12311B01715600346D6B /* Supporting Files */ = {
			isa = PBXGroup;
			children = (
			);
			path = "Supporting Files";
			sourceTree = "<group>";
		};
		B26EDC234D2B16A02E864FD3 /* Pods */ = {
			isa = PBXGroup;
			children = (
				D678D9176BCB29630D288C19 /* Pods.debug.xcconfig */,
				ADF7260D923B3A2B1E42D56E /* Pods.release.xcconfig */,
				FCD3E819C57A5620FC6706DC /* Pods-CoolSpot WatchKit Extension.debug.xcconfig */,
				328159BE741B69D0DC4FC71D /* Pods-CoolSpot WatchKit Extension.release.xcconfig */,
			);
			name = Pods;
			sourceTree = "<group>";
		};
		E41FAC88E765D958B8FED862 /* Frameworks */ = {
			isa = PBXGroup;
			children = (
				9870A09E9802D1188D79C816 /* Pods.framework */,
				50716272FAE3FA83AAF6DFB7 /* Pods_CoolSpot_WatchKit_Extension.framework */,
			);
			name = Frameworks;
			sourceTree = "<group>";
		};
/* End PBXGroup section */

/* Begin PBXNativeTarget section */
		A15A5A6F194DE7D600FDE271 /* CoolSpot */ = {
			isa = PBXNativeTarget;
			buildConfigurationList = A15A5A87194DE7D600FDE271 /* Build configuration list for PBXNativeTarget "CoolSpot" */;
			buildPhases = (
				49BFB4B9F534E834B5CFED50 /* Check Pods Manifest.lock */,
				A15A5A6C194DE7D600FDE271 /* Sources */,
				A15A5A6D194DE7D600FDE271 /* Frameworks */,
				A15A5A6E194DE7D600FDE271 /* Resources */,
				92D573273DBB68FF21DB4074 /* Embed Pods Frameworks */,
				79A2C36E485E5F8885E02A73 /* Copy Pods Resources */,
				A1DA12411B01715600346D6B /* Embed App Extensions */,
			);
			buildRules = (
			);
			dependencies = (
				A1DA12391B01715600346D6B /* PBXTargetDependency */,
			);
			name = CoolSpot;
			productName = CoolSpot;
			productReference = A15A5A70194DE7D600FDE271 /* CoolSpot.app */;
			productType = "com.apple.product-type.application";
		};
		A15A5A7C194DE7D600FDE271 /* CoolSpotTests */ = {
			isa = PBXNativeTarget;
			buildConfigurationList = A15A5A8A194DE7D600FDE271 /* Build configuration list for PBXNativeTarget "CoolSpotTests" */;
			buildPhases = (
				A15A5A79194DE7D600FDE271 /* Sources */,
				A15A5A7A194DE7D600FDE271 /* Frameworks */,
				A15A5A7B194DE7D600FDE271 /* Resources */,
			);
			buildRules = (
			);
			dependencies = (
				A15A5A7F194DE7D600FDE271 /* PBXTargetDependency */,
				A15A5A8E194DE7DC00FDE271 /* PBXTargetDependency */,
				A15A5A90194DE7DC00FDE271 /* PBXTargetDependency */,
				A15A5A92194DE7E200FDE271 /* PBXTargetDependency */,
				A15A5A94194DE83200FDE271 /* PBXTargetDependency */,
				A15A5A96194DE83200FDE271 /* PBXTargetDependency */,
				A15A5A98194DE86200FDE271 /* PBXTargetDependency */,
				A15A5A9B194DE89600FDE271 /* PBXTargetDependency */,
				A15A5A9D194DE8B900FDE271 /* PBXTargetDependency */,
			);
			name = CoolSpotTests;
			productName = CoolSpotTests;
			productReference = A15A5A7D194DE7D600FDE271 /* CoolSpotTests.xctest */;
			productType = "com.apple.product-type.bundle.unit-test";
		};
		A1DA121E1B01715600346D6B /* CoolSpot WatchKit Extension */ = {
			isa = PBXNativeTarget;
			buildConfigurationList = A1DA12401B01715600346D6B /* Build configuration list for PBXNativeTarget "CoolSpot WatchKit Extension" */;
			buildPhases = (
				469B12D02E1B63C8DD8A4248 /* Check Pods Manifest.lock */,
				A1DA121B1B01715600346D6B /* Sources */,
				A1DA121C1B01715600346D6B /* Frameworks */,
				A1DA121D1B01715600346D6B /* Resources */,
				33125015968ACDC785005151 /* Copy Pods Resources */,
			);
			buildRules = (
			);
			dependencies = (
				A1DA122F1B01715600346D6B /* PBXTargetDependency */,
			);
			name = "CoolSpot WatchKit Extension";
			productName = "CoolSpot WatchKit Extension";
			productReference = A1DA121F1B01715600346D6B /* CoolSpot WatchKit Extension.appex */;
			productType = "com.apple.product-type.watchkit-extension";
		};
		A1DA122B1B01715600346D6B /* CoolSpot WatchKit App */ = {
			isa = PBXNativeTarget;
			buildConfigurationList = A1DA123F1B01715600346D6B /* Build configuration list for PBXNativeTarget "CoolSpot WatchKit App" */;
			buildPhases = (
				A1DA122A1B01715600346D6B /* Resources */,
			);
			buildRules = (
			);
			dependencies = (
			);
			name = "CoolSpot WatchKit App";
			productName = "CoolSpot WatchKit App";
			productReference = A1DA122C1B01715600346D6B /* CoolSpot WatchKit App.app */;
			productType = "com.apple.product-type.application.watchapp";
		};
/* End PBXNativeTarget section */

/* Begin PBXProject section */
		A15A5A68194DE7D600FDE271 /* Project object */ = {
			isa = PBXProject;
			attributes = {
				LastUpgradeCheck = 0600;
				ORGANIZATIONNAME = "Boris Bügling";
				TargetAttributes = {
					A15A5A6F194DE7D600FDE271 = {
						CreatedOnToolsVersion = 6.0;
						DevelopmentTeam = RWJ5E97L7R;
						SystemCapabilities = {
							com.apple.ApplicationGroups.iOS = {
								enabled = 1;
							};
						};
					};
					A15A5A7C194DE7D600FDE271 = {
						CreatedOnToolsVersion = 6.0;
						TestTargetID = A15A5A6F194DE7D600FDE271;
					};
					A1DA121E1B01715600346D6B = {
						CreatedOnToolsVersion = 6.3.2;
						DevelopmentTeam = RWJ5E97L7R;
						SystemCapabilities = {
							com.apple.ApplicationGroups.iOS = {
								enabled = 1;
							};
						};
					};
					A1DA122B1B01715600346D6B = {
						CreatedOnToolsVersion = 6.3.2;
						DevelopmentTeam = RWJ5E97L7R;
					};
				};
			};
			buildConfigurationList = A15A5A6B194DE7D600FDE271 /* Build configuration list for PBXProject "CoolSpot" */;
			compatibilityVersion = "Xcode 3.2";
			developmentRegion = English;
			hasScannedForEncodings = 0;
			knownRegions = (
				en,
				Base,
			);
			mainGroup = A15A5A67194DE7D600FDE271;
			productRefGroup = A15A5A71194DE7D600FDE271 /* Products */;
			projectDirPath = "";
			projectRoot = "";
			targets = (
				A15A5A6F194DE7D600FDE271 /* CoolSpot */,
				A15A5A7C194DE7D600FDE271 /* CoolSpotTests */,
				A1DA121E1B01715600346D6B /* CoolSpot WatchKit Extension */,
				A1DA122B1B01715600346D6B /* CoolSpot WatchKit App */,
			);
		};
/* End PBXProject section */

/* Begin PBXResourcesBuildPhase section */
		A15A5A6E194DE7D600FDE271 /* Resources */ = {
			isa = PBXResourcesBuildPhase;
			buildActionMask = 2147483647;
			files = (
				A15A5A78194DE7D600FDE271 /* Images.xcassets in Resources */,
				A14279CC1B02AE5E0086CB6F /* Launch Screen.xib in Resources */,
				A14279CE1B02AF910086CB6F /* app-icon.png in Resources */,
			);
			runOnlyForDeploymentPostprocessing = 0;
		};
		A15A5A7B194DE7D600FDE271 /* Resources */ = {
			isa = PBXResourcesBuildPhase;
			buildActionMask = 2147483647;
			files = (
			);
			runOnlyForDeploymentPostprocessing = 0;
		};
		A1DA121D1B01715600346D6B /* Resources */ = {
			isa = PBXResourcesBuildPhase;
			buildActionMask = 2147483647;
			files = (
				A1DA12291B01715600346D6B /* Images.xcassets in Resources */,
				A1DA122D1B01715600346D6B /* CoolSpot WatchKit App.app in Resources */,
			);
			runOnlyForDeploymentPostprocessing = 0;
		};
		A1DA122A1B01715600346D6B /* Resources */ = {
			isa = PBXResourcesBuildPhase;
			buildActionMask = 2147483647;
			files = (
				A1DA12351B01715600346D6B /* Interface.storyboard in Resources */,
				A1DA12371B01715600346D6B /* Images.xcassets in Resources */,
			);
			runOnlyForDeploymentPostprocessing = 0;
		};
/* End PBXResourcesBuildPhase section */

/* Begin PBXShellScriptBuildPhase section */
		33125015968ACDC785005151 /* Copy Pods Resources */ = {
			isa = PBXShellScriptBuildPhase;
			buildActionMask = 2147483647;
			files = (
			);
			inputPaths = (
			);
			name = "Copy Pods Resources";
			outputPaths = (
			);
			runOnlyForDeploymentPostprocessing = 0;
			shellPath = /bin/sh;
			shellScript = "\"${SRCROOT}/Pods/Target Support Files/Pods-CoolSpot WatchKit Extension/Pods-CoolSpot WatchKit Extension-resources.sh\"\n";
			showEnvVarsInLog = 0;
		};
		469B12D02E1B63C8DD8A4248 /* Check Pods Manifest.lock */ = {
			isa = PBXShellScriptBuildPhase;
			buildActionMask = 2147483647;
			files = (
			);
			inputPaths = (
			);
			name = "Check Pods Manifest.lock";
			outputPaths = (
			);
			runOnlyForDeploymentPostprocessing = 0;
			shellPath = /bin/sh;
			shellScript = "diff \"${PODS_ROOT}/../Podfile.lock\" \"${PODS_ROOT}/Manifest.lock\" > /dev/null\nif [[ $? != 0 ]] ; then\n    cat << EOM\nerror: The sandbox is not in sync with the Podfile.lock. Run 'pod install' or update your CocoaPods installation.\nEOM\n    exit 1\nfi\n";
			showEnvVarsInLog = 0;
		};
		49BFB4B9F534E834B5CFED50 /* Check Pods Manifest.lock */ = {
			isa = PBXShellScriptBuildPhase;
			buildActionMask = 2147483647;
			files = (
			);
			inputPaths = (
			);
			name = "Check Pods Manifest.lock";
			outputPaths = (
			);
			runOnlyForDeploymentPostprocessing = 0;
			shellPath = /bin/sh;
			shellScript = "diff \"${PODS_ROOT}/../Podfile.lock\" \"${PODS_ROOT}/Manifest.lock\" > /dev/null\nif [[ $? != 0 ]] ; then\n    cat << EOM\nerror: The sandbox is not in sync with the Podfile.lock. Run 'pod install' or update your CocoaPods installation.\nEOM\n    exit 1\nfi\n";
			showEnvVarsInLog = 0;
		};
		79A2C36E485E5F8885E02A73 /* Copy Pods Resources */ = {
			isa = PBXShellScriptBuildPhase;
			buildActionMask = 2147483647;
			files = (
			);
			inputPaths = (
			);
			name = "Copy Pods Resources";
			outputPaths = (
			);
			runOnlyForDeploymentPostprocessing = 0;
			shellPath = /bin/sh;
			shellScript = "\"${SRCROOT}/Pods/Target Support Files/Pods/Pods-resources.sh\"\n";
			showEnvVarsInLog = 0;
		};
		92D573273DBB68FF21DB4074 /* Embed Pods Frameworks */ = {
			isa = PBXShellScriptBuildPhase;
			buildActionMask = 2147483647;
			files = (
			);
			inputPaths = (
			);
			name = "Embed Pods Frameworks";
			outputPaths = (
			);
			runOnlyForDeploymentPostprocessing = 0;
			shellPath = /bin/sh;
			shellScript = "\"${SRCROOT}/Pods/Target Support Files/Pods/Pods-frameworks.sh\"\n";
			showEnvVarsInLog = 0;
		};
/* End PBXShellScriptBuildPhase section */

/* Begin PBXSourcesBuildPhase section */
		A15A5A6C194DE7D600FDE271 /* Sources */ = {
			isa = PBXSourcesBuildPhase;
			buildActionMask = 2147483647;
			files = (
				A15A5A76194DE7D600FDE271 /* AppDelegate.swift in Sources */,
				A1DA12451B01758100346D6B /* Constants.swift in Sources */,
			);
			runOnlyForDeploymentPostprocessing = 0;
		};
		A15A5A79194DE7D600FDE271 /* Sources */ = {
			isa = PBXSourcesBuildPhase;
			buildActionMask = 2147483647;
			files = (
				A15A5A84194DE7D600FDE271 /* CoolSpotTests.swift in Sources */,
			);
			runOnlyForDeploymentPostprocessing = 0;
		};
		A1DA121B1B01715600346D6B /* Sources */ = {
			isa = PBXSourcesBuildPhase;
			buildActionMask = 2147483647;
			files = (
				A1DA12251B01715600346D6B /* InterfaceController.swift in Sources */,
				A1DA12461B01758100346D6B /* Constants.swift in Sources */,
			);
			runOnlyForDeploymentPostprocessing = 0;
		};
/* End PBXSourcesBuildPhase section */

/* Begin PBXTargetDependency section */
		A15A5A7F194DE7D600FDE271 /* PBXTargetDependency */ = {
			isa = PBXTargetDependency;
			target = A15A5A6F194DE7D600FDE271 /* CoolSpot */;
			targetProxy = A15A5A7E194DE7D600FDE271 /* PBXContainerItemProxy */;
		};
		A15A5A8E194DE7DC00FDE271 /* PBXTargetDependency */ = {
			isa = PBXTargetDependency;
			target = A15A5A6F194DE7D600FDE271 /* CoolSpot */;
			targetProxy = A15A5A8D194DE7DC00FDE271 /* PBXContainerItemProxy */;
		};
		A15A5A90194DE7DC00FDE271 /* PBXTargetDependency */ = {
			isa = PBXTargetDependency;
			target = A15A5A6F194DE7D600FDE271 /* CoolSpot */;
			targetProxy = A15A5A8F194DE7DC00FDE271 /* PBXContainerItemProxy */;
		};
		A15A5A92194DE7E200FDE271 /* PBXTargetDependency */ = {
			isa = PBXTargetDependency;
			target = A15A5A6F194DE7D600FDE271 /* CoolSpot */;
			targetProxy = A15A5A91194DE7E200FDE271 /* PBXContainerItemProxy */;
		};
		A15A5A94194DE83200FDE271 /* PBXTargetDependency */ = {
			isa = PBXTargetDependency;
			target = A15A5A6F194DE7D600FDE271 /* CoolSpot */;
			targetProxy = A15A5A93194DE83200FDE271 /* PBXContainerItemProxy */;
		};
		A15A5A96194DE83200FDE271 /* PBXTargetDependency */ = {
			isa = PBXTargetDependency;
			target = A15A5A6F194DE7D600FDE271 /* CoolSpot */;
			targetProxy = A15A5A95194DE83200FDE271 /* PBXContainerItemProxy */;
		};
		A15A5A98194DE86200FDE271 /* PBXTargetDependency */ = {
			isa = PBXTargetDependency;
			target = A15A5A6F194DE7D600FDE271 /* CoolSpot */;
			targetProxy = A15A5A97194DE86200FDE271 /* PBXContainerItemProxy */;
		};
		A15A5A9B194DE89600FDE271 /* PBXTargetDependency */ = {
			isa = PBXTargetDependency;
			target = A15A5A6F194DE7D600FDE271 /* CoolSpot */;
			targetProxy = A15A5A9A194DE89600FDE271 /* PBXContainerItemProxy */;
		};
		A15A5A9D194DE8B900FDE271 /* PBXTargetDependency */ = {
			isa = PBXTargetDependency;
			target = A15A5A6F194DE7D600FDE271 /* CoolSpot */;
			targetProxy = A15A5A9C194DE8B900FDE271 /* PBXContainerItemProxy */;
		};
		A1DA122F1B01715600346D6B /* PBXTargetDependency */ = {
			isa = PBXTargetDependency;
			target = A1DA122B1B01715600346D6B /* CoolSpot WatchKit App */;
			targetProxy = A1DA122E1B01715600346D6B /* PBXContainerItemProxy */;
		};
		A1DA12391B01715600346D6B /* PBXTargetDependency */ = {
			isa = PBXTargetDependency;
			target = A1DA121E1B01715600346D6B /* CoolSpot WatchKit Extension */;
			targetProxy = A1DA12381B01715600346D6B /* PBXContainerItemProxy */;
		};
/* End PBXTargetDependency section */

/* Begin PBXVariantGroup section */
		A1DA12331B01715600346D6B /* Interface.storyboard */ = {
			isa = PBXVariantGroup;
			children = (
				A1DA12341B01715600346D6B /* Base */,
			);
			name = Interface.storyboard;
			path = .;
			sourceTree = "<group>";
		};
/* End PBXVariantGroup section */

/* Begin XCBuildConfiguration section */
		A15A5A85194DE7D600FDE271 /* Debug */ = {
			isa = XCBuildConfiguration;
			buildSettings = {
				ALWAYS_SEARCH_USER_PATHS = NO;
				CLANG_CXX_LANGUAGE_STANDARD = "gnu++0x";
				CLANG_CXX_LIBRARY = "libc++";
				CLANG_ENABLE_MODULES = YES;
				CLANG_ENABLE_OBJC_ARC = YES;
				CLANG_WARN_BOOL_CONVERSION = YES;
				CLANG_WARN_CONSTANT_CONVERSION = YES;
				CLANG_WARN_DIRECT_OBJC_ISA_USAGE = YES_ERROR;
				CLANG_WARN_EMPTY_BODY = YES;
				CLANG_WARN_ENUM_CONVERSION = YES;
				CLANG_WARN_INT_CONVERSION = YES;
				CLANG_WARN_OBJC_ROOT_CLASS = YES_ERROR;
				CLANG_WARN_UNREACHABLE_CODE = YES;
				CLANG_WARN__DUPLICATE_METHOD_MATCH = YES;
				"CODE_SIGN_IDENTITY[sdk=iphoneos*]" = "iPhone Developer";
				COPY_PHASE_STRIP = NO;
				ENABLE_STRICT_OBJC_MSGSEND = YES;
				GCC_C_LANGUAGE_STANDARD = gnu99;
				GCC_DYNAMIC_NO_PIC = NO;
				GCC_OPTIMIZATION_LEVEL = 0;
				GCC_PREPROCESSOR_DEFINITIONS = (
					"DEBUG=1",
					"$(inherited)",
				);
				GCC_SYMBOLS_PRIVATE_EXTERN = NO;
				GCC_WARN_64_TO_32_BIT_CONVERSION = YES;
				GCC_WARN_ABOUT_RETURN_TYPE = YES_ERROR;
				GCC_WARN_UNDECLARED_SELECTOR = YES;
				GCC_WARN_UNINITIALIZED_AUTOS = YES_AGGRESSIVE;
				GCC_WARN_UNUSED_FUNCTION = YES;
				GCC_WARN_UNUSED_VARIABLE = YES;
				IPHONEOS_DEPLOYMENT_TARGET = 8.0;
				METAL_ENABLE_DEBUG_INFO = YES;
				ONLY_ACTIVE_ARCH = YES;
				SDKROOT = iphoneos;
				SWIFT_OPTIMIZATION_LEVEL = "-Onone";
			};
			name = Debug;
		};
		A15A5A86194DE7D600FDE271 /* Release */ = {
			isa = XCBuildConfiguration;
			buildSettings = {
				ALWAYS_SEARCH_USER_PATHS = NO;
				CLANG_CXX_LANGUAGE_STANDARD = "gnu++0x";
				CLANG_CXX_LIBRARY = "libc++";
				CLANG_ENABLE_MODULES = YES;
				CLANG_ENABLE_OBJC_ARC = YES;
				CLANG_WARN_BOOL_CONVERSION = YES;
				CLANG_WARN_CONSTANT_CONVERSION = YES;
				CLANG_WARN_DIRECT_OBJC_ISA_USAGE = YES_ERROR;
				CLANG_WARN_EMPTY_BODY = YES;
				CLANG_WARN_ENUM_CONVERSION = YES;
				CLANG_WARN_INT_CONVERSION = YES;
				CLANG_WARN_OBJC_ROOT_CLASS = YES_ERROR;
				CLANG_WARN_UNREACHABLE_CODE = YES;
				CLANG_WARN__DUPLICATE_METHOD_MATCH = YES;
				"CODE_SIGN_IDENTITY[sdk=iphoneos*]" = "iPhone Developer";
				COPY_PHASE_STRIP = YES;
				ENABLE_NS_ASSERTIONS = NO;
				ENABLE_STRICT_OBJC_MSGSEND = YES;
				GCC_C_LANGUAGE_STANDARD = gnu99;
				GCC_WARN_64_TO_32_BIT_CONVERSION = YES;
				GCC_WARN_ABOUT_RETURN_TYPE = YES_ERROR;
				GCC_WARN_UNDECLARED_SELECTOR = YES;
				GCC_WARN_UNINITIALIZED_AUTOS = YES_AGGRESSIVE;
				GCC_WARN_UNUSED_FUNCTION = YES;
				GCC_WARN_UNUSED_VARIABLE = YES;
				IPHONEOS_DEPLOYMENT_TARGET = 8.0;
				METAL_ENABLE_DEBUG_INFO = NO;
				SDKROOT = iphoneos;
				VALIDATE_PRODUCT = YES;
			};
			name = Release;
		};
		A15A5A88194DE7D600FDE271 /* Debug */ = {
			isa = XCBuildConfiguration;
			baseConfigurationReference = D678D9176BCB29630D288C19 /* Pods.debug.xcconfig */;
			buildSettings = {
				ASSETCATALOG_COMPILER_APPICON_NAME = AppIcon;
				CODE_SIGN_ENTITLEMENTS = "Supporting Files/CoolSpot.entitlements";
				CODE_SIGN_IDENTITY = "iPhone Developer";
				"CODE_SIGN_IDENTITY[sdk=iphoneos*]" = "iPhone Developer";
				INFOPLIST_FILE = "$(SRCROOT)/Supporting Files/Info.plist";
				LD_RUNPATH_SEARCH_PATHS = "$(inherited) @executable_path/Frameworks";
				PRODUCT_NAME = "$(TARGET_NAME)";
				PROVISIONING_PROFILE = "";
			};
			name = Debug;
		};
		A15A5A89194DE7D600FDE271 /* Release */ = {
			isa = XCBuildConfiguration;
			baseConfigurationReference = ADF7260D923B3A2B1E42D56E /* Pods.release.xcconfig */;
			buildSettings = {
				ASSETCATALOG_COMPILER_APPICON_NAME = AppIcon;
				CODE_SIGN_ENTITLEMENTS = "Supporting Files/CoolSpot.entitlements";
				CODE_SIGN_IDENTITY = "iPhone Developer";
				"CODE_SIGN_IDENTITY[sdk=iphoneos*]" = "iPhone Developer";
				INFOPLIST_FILE = "$(SRCROOT)/Supporting Files/Info.plist";
				LD_RUNPATH_SEARCH_PATHS = "$(inherited) @executable_path/Frameworks";
				PRODUCT_NAME = "$(TARGET_NAME)";
				PROVISIONING_PROFILE = "";
			};
			name = Release;
		};
		A15A5A8B194DE7D600FDE271 /* Debug */ = {
			isa = XCBuildConfiguration;
			buildSettings = {
				BUNDLE_LOADER = "$(BUILT_PRODUCTS_DIR)/CoolSpot.app/CoolSpot";
				FRAMEWORK_SEARCH_PATHS = (
					"$(SDKROOT)/Developer/Library/Frameworks",
					"$(inherited)",
				);
				GCC_PREPROCESSOR_DEFINITIONS = (
					"DEBUG=1",
					"$(inherited)",
				);
				INFOPLIST_FILE = Tests/Info.plist;
				LD_RUNPATH_SEARCH_PATHS = "$(inherited) @executable_path/Frameworks @loader_path/Frameworks";
				METAL_ENABLE_DEBUG_INFO = YES;
				PRODUCT_NAME = "$(TARGET_NAME)";
				TEST_HOST = "$(BUNDLE_LOADER)";
			};
			name = Debug;
		};
		A15A5A8C194DE7D600FDE271 /* Release */ = {
			isa = XCBuildConfiguration;
			buildSettings = {
				BUNDLE_LOADER = "$(BUILT_PRODUCTS_DIR)/CoolSpot.app/CoolSpot";
				FRAMEWORK_SEARCH_PATHS = (
					"$(SDKROOT)/Developer/Library/Frameworks",
					"$(inherited)",
				);
				INFOPLIST_FILE = Tests/Info.plist;
				LD_RUNPATH_SEARCH_PATHS = "$(inherited) @executable_path/Frameworks @loader_path/Frameworks";
				METAL_ENABLE_DEBUG_INFO = NO;
				PRODUCT_NAME = "$(TARGET_NAME)";
				TEST_HOST = "$(BUNDLE_LOADER)";
			};
			name = Release;
		};
		A1DA123B1B01715600346D6B /* Debug */ = {
			isa = XCBuildConfiguration;
			baseConfigurationReference = FCD3E819C57A5620FC6706DC /* Pods-CoolSpot WatchKit Extension.debug.xcconfig */;
			buildSettings = {
				CODE_SIGN_ENTITLEMENTS = "WatchKit Extension/CoolSpot WatchKit Extension.entitlements";
				CODE_SIGN_IDENTITY = "iPhone Developer";
				"CODE_SIGN_IDENTITY[sdk=iphoneos*]" = "iPhone Developer";
				DEBUG_INFORMATION_FORMAT = "dwarf-with-dsym";
				GCC_NO_COMMON_BLOCKS = YES;
				GCC_PREPROCESSOR_DEFINITIONS = (
					"DEBUG=1",
					"$(inherited)",
				);
				INFOPLIST_FILE = "WatchKit Extension/Info.plist";
				IPHONEOS_DEPLOYMENT_TARGET = 8.2;
				LD_RUNPATH_SEARCH_PATHS = "$(inherited) @executable_path/Frameworks @executable_path/../../Frameworks";
				MTL_ENABLE_DEBUG_INFO = YES;
				PRODUCT_NAME = "${TARGET_NAME}";
				PROVISIONING_PROFILE = "";
				SKIP_INSTALL = YES;
			};
			name = Debug;
		};
		A1DA123C1B01715600346D6B /* Release */ = {
			isa = XCBuildConfiguration;
			baseConfigurationReference = 328159BE741B69D0DC4FC71D /* Pods-CoolSpot WatchKit Extension.release.xcconfig */;
			buildSettings = {
				CODE_SIGN_ENTITLEMENTS = "WatchKit Extension/CoolSpot WatchKit Extension.entitlements";
				CODE_SIGN_IDENTITY = "iPhone Developer";
				"CODE_SIGN_IDENTITY[sdk=iphoneos*]" = "iPhone Developer";
				COPY_PHASE_STRIP = NO;
				DEBUG_INFORMATION_FORMAT = "dwarf-with-dsym";
				GCC_NO_COMMON_BLOCKS = YES;
				INFOPLIST_FILE = "WatchKit Extension/Info.plist";
				IPHONEOS_DEPLOYMENT_TARGET = 8.2;
				LD_RUNPATH_SEARCH_PATHS = "$(inherited) @executable_path/Frameworks @executable_path/../../Frameworks";
				MTL_ENABLE_DEBUG_INFO = NO;
				PRODUCT_NAME = "${TARGET_NAME}";
				PROVISIONING_PROFILE = "";
				SKIP_INSTALL = YES;
			};
			name = Release;
		};
		A1DA123D1B01715600346D6B /* Debug */ = {
			isa = XCBuildConfiguration;
			buildSettings = {
				ASSETCATALOG_COMPILER_APPICON_NAME = AppIcon;
				CODE_SIGN_IDENTITY = "iPhone Developer";
				"CODE_SIGN_IDENTITY[sdk=iphoneos*]" = "iPhone Developer";
				DEBUG_INFORMATION_FORMAT = "dwarf-with-dsym";
				GCC_NO_COMMON_BLOCKS = YES;
				GCC_PREPROCESSOR_DEFINITIONS = (
					"DEBUG=1",
					"$(inherited)",
				);
				IBSC_MODULE = CoolSpot_WatchKit_Extension;
				INFOPLIST_FILE = "WatchKit App/Info.plist";
				IPHONEOS_DEPLOYMENT_TARGET = 8.2;
				MTL_ENABLE_DEBUG_INFO = YES;
				PRODUCT_NAME = "$(TARGET_NAME)";
				PROVISIONING_PROFILE = "";
				SKIP_INSTALL = YES;
				TARGETED_DEVICE_FAMILY = 4;
				"TARGETED_DEVICE_FAMILY[sdk=iphonesimulator*]" = "1,4";
			};
			name = Debug;
		};
		A1DA123E1B01715600346D6B /* Release */ = {
			isa = XCBuildConfiguration;
			buildSettings = {
				ASSETCATALOG_COMPILER_APPICON_NAME = AppIcon;
				CODE_SIGN_IDENTITY = "iPhone Developer";
				"CODE_SIGN_IDENTITY[sdk=iphoneos*]" = "iPhone Developer";
				COPY_PHASE_STRIP = NO;
				DEBUG_INFORMATION_FORMAT = "dwarf-with-dsym";
				GCC_NO_COMMON_BLOCKS = YES;
				IBSC_MODULE = CoolSpot_WatchKit_Extension;
				INFOPLIST_FILE = "WatchKit App/Info.plist";
				IPHONEOS_DEPLOYMENT_TARGET = 8.2;
				MTL_ENABLE_DEBUG_INFO = NO;
				PRODUCT_NAME = "$(TARGET_NAME)";
				PROVISIONING_PROFILE = "";
				SKIP_INSTALL = YES;
				TARGETED_DEVICE_FAMILY = 4;
				"TARGETED_DEVICE_FAMILY[sdk=iphonesimulator*]" = "1,4";
			};
			name = Release;
		};
/* End XCBuildConfiguration section */

/* Begin XCConfigurationList section */
		A15A5A6B194DE7D600FDE271 /* Build configuration list for PBXProject "CoolSpot" */ = {
			isa = XCConfigurationList;
			buildConfigurations = (
				A15A5A85194DE7D600FDE271 /* Debug */,
				A15A5A86194DE7D600FDE271 /* Release */,
			);
			defaultConfigurationIsVisible = 0;
			defaultConfigurationName = Release;
		};
		A15A5A87194DE7D600FDE271 /* Build configuration list for PBXNativeTarget "CoolSpot" */ = {
			isa = XCConfigurationList;
			buildConfigurations = (
				A15A5A88194DE7D600FDE271 /* Debug */,
				A15A5A89194DE7D600FDE271 /* Release */,
			);
			defaultConfigurationIsVisible = 0;
			defaultConfigurationName = Release;
		};
		A15A5A8A194DE7D600FDE271 /* Build configuration list for PBXNativeTarget "CoolSpotTests" */ = {
			isa = XCConfigurationList;
			buildConfigurations = (
				A15A5A8B194DE7D600FDE271 /* Debug */,
				A15A5A8C194DE7D600FDE271 /* Release */,
			);
			defaultConfigurationIsVisible = 0;
			defaultConfigurationName = Release;
		};
		A1DA123F1B01715600346D6B /* Build configuration list for PBXNativeTarget "CoolSpot WatchKit App" */ = {
			isa = XCConfigurationList;
			buildConfigurations = (
				A1DA123D1B01715600346D6B /* Debug */,
				A1DA123E1B01715600346D6B /* Release */,
			);
			defaultConfigurationIsVisible = 0;
			defaultConfigurationName = Release;
		};
		A1DA12401B01715600346D6B /* Build configuration list for PBXNativeTarget "CoolSpot WatchKit Extension" */ = {
			isa = XCConfigurationList;
			buildConfigurations = (
				A1DA123B1B01715600346D6B /* Debug */,
				A1DA123C1B01715600346D6B /* Release */,
			);
			defaultConfigurationIsVisible = 0;
			defaultConfigurationName = Release;
		};
/* End XCConfigurationList section */
	};
	rootObject = A15A5A68194DE7D600FDE271 /* Project object */;
}
