// !$*UTF8*$!
{
	archiveVersion = 1;
	classes = {
	};
	objectVersion = 46;
	objects = {

/* Begin PBXBuildFile section */
		519DD3A7A1404CA5B710C99A /* libPods-CoolSpot.a in Frameworks */ = {isa = PBXBuildFile; fileRef = 8DA3C5346DA34143B15439FC /* libPods-CoolSpot.a */; };
		A15A5A76194DE7D600FDE271 /* AppDelegate.swift in Sources */ = {isa = PBXBuildFile; fileRef = A15A5A75194DE7D600FDE271 /* AppDelegate.swift */; };
		A15A5A78194DE7D600FDE271 /* Images.xcassets in Resources */ = {isa = PBXBuildFile; fileRef = A15A5A77194DE7D600FDE271 /* Images.xcassets */; };
		A15A5A84194DE7D600FDE271 /* CoolSpotTests.swift in Sources */ = {isa = PBXBuildFile; fileRef = A15A5A83194DE7D600FDE271 /* CoolSpotTests.swift */; };
/* End PBXBuildFile section */

/* Begin PBXContainerItemProxy section */
		A15A5A7E194DE7D600FDE271 /* PBXContainerItemProxy */ = {
			isa = PBXContainerItemProxy;
			containerPortal = A15A5A68194DE7D600FDE271 /* Project object */;
			proxyType = 1;
			remoteGlobalIDString = A15A5A6F194DE7D600FDE271;
			remoteInfo = CoolSpot;
		};
		A15A5A8D194DE7DC00FDE271 /* PBXContainerItemProxy */ = {
			isa = PBXContainerItemProxy;
			containerPortal = A15A5A68194DE7D600FDE271 /* Project object */;
			proxyType = 1;
			remoteGlobalIDString = A15A5A6F194DE7D600FDE271;
			remoteInfo = CoolSpot;
		};
		A15A5A8F194DE7DC00FDE271 /* PBXContainerItemProxy */ = {
			isa = PBXContainerItemProxy;
			containerPortal = A15A5A68194DE7D600FDE271 /* Project object */;
			proxyType = 1;
			remoteGlobalIDString = A15A5A6F194DE7D600FDE271;
			remoteInfo = CoolSpot;
		};
		A15A5A91194DE7E200FDE271 /* PBXContainerItemProxy */ = {
			isa = PBXContainerItemProxy;
			containerPortal = A15A5A68194DE7D600FDE271 /* Project object */;
			proxyType = 1;
			remoteGlobalIDString = A15A5A6F194DE7D600FDE271;
			remoteInfo = CoolSpot;
		};
		A15A5A93194DE83200FDE271 /* PBXContainerItemProxy */ = {
			isa = PBXContainerItemProxy;
			containerPortal = A15A5A68194DE7D600FDE271 /* Project object */;
			proxyType = 1;
			remoteGlobalIDString = A15A5A6F194DE7D600FDE271;
			remoteInfo = CoolSpot;
		};
		A15A5A95194DE83200FDE271 /* PBXContainerItemProxy */ = {
			isa = PBXContainerItemProxy;
			containerPortal = A15A5A68194DE7D600FDE271 /* Project object */;
			proxyType = 1;
			remoteGlobalIDString = A15A5A6F194DE7D600FDE271;
			remoteInfo = CoolSpot;
		};
		A15A5A97194DE86200FDE271 /* PBXContainerItemProxy */ = {
			isa = PBXContainerItemProxy;
			containerPortal = A15A5A68194DE7D600FDE271 /* Project object */;
			proxyType = 1;
			remoteGlobalIDString = A15A5A6F194DE7D600FDE271;
			remoteInfo = CoolSpot;
		};
		A15A5A9A194DE89600FDE271 /* PBXContainerItemProxy */ = {
			isa = PBXContainerItemProxy;
			containerPortal = A15A5A68194DE7D600FDE271 /* Project object */;
			proxyType = 1;
			remoteGlobalIDString = A15A5A6F194DE7D600FDE271;
			remoteInfo = CoolSpot;
		};
		A15A5A9C194DE8B900FDE271 /* PBXContainerItemProxy */ = {
			isa = PBXContainerItemProxy;
			containerPortal = A15A5A68194DE7D600FDE271 /* Project object */;
			proxyType = 1;
			remoteGlobalIDString = A15A5A6F194DE7D600FDE271;
			remoteInfo = CoolSpot;
		};
/* End PBXContainerItemProxy section */

/* Begin PBXFileReference section */
		8DA3C5346DA34143B15439FC /* libPods-CoolSpot.a */ = {isa = PBXFileReference; explicitFileType = archive.ar; includeInIndex = 0; path = "libPods-CoolSpot.a"; sourceTree = BUILT_PRODUCTS_DIR; };
		A12DFBCC194DEC0D00733D9F /* Pods-BridgingHeader.h */ = {isa = PBXFileReference; lastKnownFileType = sourcecode.c.h; name = "Pods-BridgingHeader.h"; path = "Code/Pods-BridgingHeader.h"; sourceTree = SOURCE_ROOT; };
		A15A5A70194DE7D600FDE271 /* CoolSpot.app */ = {isa = PBXFileReference; explicitFileType = wrapper.application; includeInIndex = 0; path = CoolSpot.app; sourceTree = BUILT_PRODUCTS_DIR; };
		A15A5A74194DE7D600FDE271 /* Info.plist */ = {isa = PBXFileReference; lastKnownFileType = text.plist.xml; path = Info.plist; sourceTree = "<group>"; };
		A15A5A75194DE7D600FDE271 /* AppDelegate.swift */ = {isa = PBXFileReference; lastKnownFileType = sourcecode.swift; path = AppDelegate.swift; sourceTree = "<group>"; };
		A15A5A77194DE7D600FDE271 /* Images.xcassets */ = {isa = PBXFileReference; lastKnownFileType = folder.assetcatalog; path = Images.xcassets; sourceTree = "<group>"; };
		A15A5A7D194DE7D600FDE271 /* CoolSpotTests.xctest */ = {isa = PBXFileReference; explicitFileType = wrapper.cfbundle; includeInIndex = 0; path = CoolSpotTests.xctest; sourceTree = BUILT_PRODUCTS_DIR; };
		A15A5A82194DE7D600FDE271 /* Info.plist */ = {isa = PBXFileReference; lastKnownFileType = text.plist.xml; path = Info.plist; sourceTree = "<group>"; };
		A15A5A83194DE7D600FDE271 /* CoolSpotTests.swift */ = {isa = PBXFileReference; lastKnownFileType = sourcecode.swift; path = CoolSpotTests.swift; sourceTree = "<group>"; };
		BE8A582721B84940BA096385 /* Pods-CoolSpot.xcconfig */ = {isa = PBXFileReference; includeInIndex = 1; lastKnownFileType = text.xcconfig; name = "Pods-CoolSpot.xcconfig"; path = "Pods/Pods-CoolSpot.xcconfig"; sourceTree = SOURCE_ROOT; };
/* End PBXFileReference section */

/* Begin PBXFrameworksBuildPhase section */
		A15A5A6D194DE7D600FDE271 /* Frameworks */ = {
			isa = PBXFrameworksBuildPhase;
			buildActionMask = 2147483647;
			files = (
				519DD3A7A1404CA5B710C99A /* libPods-CoolSpot.a in Frameworks */,
			);
			runOnlyForDeploymentPostprocessing = 0;
		};
		A15A5A7A194DE7D600FDE271 /* Frameworks */ = {
			isa = PBXFrameworksBuildPhase;
			buildActionMask = 2147483647;
			files = (
			);
			runOnlyForDeploymentPostprocessing = 0;
		};
/* End PBXFrameworksBuildPhase section */

/* Begin PBXGroup section */
		A15A5A67194DE7D600FDE271 = {
			isa = PBXGroup;
			children = (
				A15A5A72194DE7D600FDE271 /* Code */,
				A15A5A71194DE7D600FDE271 /* Products */,
				A15A5A99194DE86500FDE271 /* Resources */,
				A15A5A73194DE7D600FDE271 /* Supporting Files */,
				A15A5A80194DE7D600FDE271 /* Tests */,
				BA00A3C52DE24B61B22EE861 /* Frameworks */,
			);
			sourceTree = "<group>";
		};
		A15A5A71194DE7D600FDE271 /* Products */ = {
			isa = PBXGroup;
			children = (
				A15A5A70194DE7D600FDE271 /* CoolSpot.app */,
				A15A5A7D194DE7D600FDE271 /* CoolSpotTests.xctest */,
			);
			name = Products;
			sourceTree = "<group>";
		};
		A15A5A72194DE7D600FDE271 /* Code */ = {
			isa = PBXGroup;
			children = (
				A15A5A75194DE7D600FDE271 /* AppDelegate.swift */,
			);
			path = Code;
			sourceTree = "<group>";
		};
		A15A5A73194DE7D600FDE271 /* Supporting Files */ = {
			isa = PBXGroup;
			children = (
				A15A5A74194DE7D600FDE271 /* Info.plist */,
				A12DFBCC194DEC0D00733D9F /* Pods-BridgingHeader.h */,
				BE8A582721B84940BA096385 /* Pods-CoolSpot.xcconfig */,
			);
			name = "Supporting Files";
			path = CoolSpot;
			sourceTree = "<group>";
		};
		A15A5A80194DE7D600FDE271 /* Tests */ = {
			isa = PBXGroup;
			children = (
				A15A5A83194DE7D600FDE271 /* CoolSpotTests.swift */,
				A15A5A82194DE7D600FDE271 /* Info.plist */,
			);
			path = Tests;
			sourceTree = "<group>";
		};
		A15A5A99194DE86500FDE271 /* Resources */ = {
			isa = PBXGroup;
			children = (
				A15A5A77194DE7D600FDE271 /* Images.xcassets */,
			);
			path = Resources;
			sourceTree = "<group>";
		};
		BA00A3C52DE24B61B22EE861 /* Frameworks */ = {
			isa = PBXGroup;
			children = (
				8DA3C5346DA34143B15439FC /* libPods-CoolSpot.a */,
			);
			name = Frameworks;
			sourceTree = "<group>";
		};
/* End PBXGroup section */

/* Begin PBXNativeTarget section */
		A15A5A6F194DE7D600FDE271 /* CoolSpot */ = {
			isa = PBXNativeTarget;
			buildConfigurationList = A15A5A87194DE7D600FDE271 /* Build configuration list for PBXNativeTarget "CoolSpot" */;
			buildPhases = (
				146D34F354604538ACC4DBDF /* Check Pods Manifest.lock */,
				A15A5A6C194DE7D600FDE271 /* Sources */,
				A15A5A6D194DE7D600FDE271 /* Frameworks */,
				A15A5A6E194DE7D600FDE271 /* Resources */,
				2D0AB77FC31A4968A174D39E /* Copy Pods Resources */,
			);
			buildRules = (
			);
			dependencies = (
			);
			name = CoolSpot;
			productName = CoolSpot;
			productReference = A15A5A70194DE7D600FDE271 /* CoolSpot.app */;
			productType = "com.apple.product-type.application";
		};
		A15A5A7C194DE7D600FDE271 /* CoolSpotTests */ = {
			isa = PBXNativeTarget;
			buildConfigurationList = A15A5A8A194DE7D600FDE271 /* Build configuration list for PBXNativeTarget "CoolSpotTests" */;
			buildPhases = (
				A15A5A79194DE7D600FDE271 /* Sources */,
				A15A5A7A194DE7D600FDE271 /* Frameworks */,
				A15A5A7B194DE7D600FDE271 /* Resources */,
			);
			buildRules = (
			);
			dependencies = (
				A15A5A7F194DE7D600FDE271 /* PBXTargetDependency */,
				A15A5A8E194DE7DC00FDE271 /* PBXTargetDependency */,
				A15A5A90194DE7DC00FDE271 /* PBXTargetDependency */,
				A15A5A92194DE7E200FDE271 /* PBXTargetDependency */,
				A15A5A94194DE83200FDE271 /* PBXTargetDependency */,
				A15A5A96194DE83200FDE271 /* PBXTargetDependency */,
				A15A5A98194DE86200FDE271 /* PBXTargetDependency */,
				A15A5A9B194DE89600FDE271 /* PBXTargetDependency */,
				A15A5A9D194DE8B900FDE271 /* PBXTargetDependency */,
			);
			name = CoolSpotTests;
			productName = CoolSpotTests;
			productReference = A15A5A7D194DE7D600FDE271 /* CoolSpotTests.xctest */;
			productType = "com.apple.product-type.bundle.unit-test";
		};
/* End PBXNativeTarget section */

/* Begin PBXProject section */
		A15A5A68194DE7D600FDE271 /* Project object */ = {
			isa = PBXProject;
			attributes = {
				LastUpgradeCheck = 0600;
				ORGANIZATIONNAME = "Boris Bügling";
				TargetAttributes = {
					A15A5A6F194DE7D600FDE271 = {
						CreatedOnToolsVersion = 6.0;
						DevelopmentTeam = S69SHQL6RV;
					};
					A15A5A7C194DE7D600FDE271 = {
						CreatedOnToolsVersion = 6.0;
						TestTargetID = A15A5A6F194DE7D600FDE271;
					};
				};
			};
			buildConfigurationList = A15A5A6B194DE7D600FDE271 /* Build configuration list for PBXProject "CoolSpot" */;
			compatibilityVersion = "Xcode 3.2";
			developmentRegion = English;
			hasScannedForEncodings = 0;
			knownRegions = (
				en,
			);
			mainGroup = A15A5A67194DE7D600FDE271;
			productRefGroup = A15A5A71194DE7D600FDE271 /* Products */;
			projectDirPath = "";
			projectRoot = "";
			targets = (
				A15A5A6F194DE7D600FDE271 /* CoolSpot */,
				A15A5A7C194DE7D600FDE271 /* CoolSpotTests */,
			);
		};
/* End PBXProject section */

/* Begin PBXResourcesBuildPhase section */
		A15A5A6E194DE7D600FDE271 /* Resources */ = {
			isa = PBXResourcesBuildPhase;
			buildActionMask = 2147483647;
			files = (
				A15A5A78194DE7D600FDE271 /* Images.xcassets in Resources */,
			);
			runOnlyForDeploymentPostprocessing = 0;
		};
		A15A5A7B194DE7D600FDE271 /* Resources */ = {
			isa = PBXResourcesBuildPhase;
			buildActionMask = 2147483647;
			files = (
			);
			runOnlyForDeploymentPostprocessing = 0;
		};
/* End PBXResourcesBuildPhase section */

/* Begin PBXShellScriptBuildPhase section */
		146D34F354604538ACC4DBDF /* Check Pods Manifest.lock */ = {
			isa = PBXShellScriptBuildPhase;
			buildActionMask = 2147483647;
			files = (
			);
			inputPaths = (
			);
			name = "Check Pods Manifest.lock";
			outputPaths = (
			);
			runOnlyForDeploymentPostprocessing = 0;
			shellPath = /bin/sh;
			shellScript = "diff \"${PODS_ROOT}/../Podfile.lock\" \"${PODS_ROOT}/Manifest.lock\" > /dev/null\nif [[ $? != 0 ]] ; then\n    cat << EOM\nerror: The sandbox is not in sync with the Podfile.lock. Run 'pod install' or update your CocoaPods installation.\nEOM\n    exit 1\nfi\n";
			showEnvVarsInLog = 0;
		};
		2D0AB77FC31A4968A174D39E /* Copy Pods Resources */ = {
			isa = PBXShellScriptBuildPhase;
			buildActionMask = 2147483647;
			files = (
			);
			inputPaths = (
			);
			name = "Copy Pods Resources";
			outputPaths = (
			);
			runOnlyForDeploymentPostprocessing = 0;
			shellPath = /bin/sh;
			shellScript = "\"${SRCROOT}/Pods/Pods-CoolSpot-resources.sh\"\n";
			showEnvVarsInLog = 0;
		};
/* End PBXShellScriptBuildPhase section */

/* Begin PBXSourcesBuildPhase section */
		A15A5A6C194DE7D600FDE271 /* Sources */ = {
			isa = PBXSourcesBuildPhase;
			buildActionMask = 2147483647;
			files = (
				A15A5A76194DE7D600FDE271 /* AppDelegate.swift in Sources */,
			);
			runOnlyForDeploymentPostprocessing = 0;
		};
		A15A5A79194DE7D600FDE271 /* Sources */ = {
			isa = PBXSourcesBuildPhase;
			buildActionMask = 2147483647;
			files = (
				A15A5A84194DE7D600FDE271 /* CoolSpotTests.swift in Sources */,
			);
			runOnlyForDeploymentPostprocessing = 0;
		};
/* End PBXSourcesBuildPhase section */

/* Begin PBXTargetDependency section */
		A15A5A7F194DE7D600FDE271 /* PBXTargetDependency */ = {
			isa = PBXTargetDependency;
			target = A15A5A6F194DE7D600FDE271 /* CoolSpot */;
			targetProxy = A15A5A7E194DE7D600FDE271 /* PBXContainerItemProxy */;
		};
		A15A5A8E194DE7DC00FDE271 /* PBXTargetDependency */ = {
			isa = PBXTargetDependency;
			target = A15A5A6F194DE7D600FDE271 /* CoolSpot */;
			targetProxy = A15A5A8D194DE7DC00FDE271 /* PBXContainerItemProxy */;
		};
		A15A5A90194DE7DC00FDE271 /* PBXTargetDependency */ = {
			isa = PBXTargetDependency;
			target = A15A5A6F194DE7D600FDE271 /* CoolSpot */;
			targetProxy = A15A5A8F194DE7DC00FDE271 /* PBXContainerItemProxy */;
		};
		A15A5A92194DE7E200FDE271 /* PBXTargetDependency */ = {
			isa = PBXTargetDependency;
			target = A15A5A6F194DE7D600FDE271 /* CoolSpot */;
			targetProxy = A15A5A91194DE7E200FDE271 /* PBXContainerItemProxy */;
		};
		A15A5A94194DE83200FDE271 /* PBXTargetDependency */ = {
			isa = PBXTargetDependency;
			target = A15A5A6F194DE7D600FDE271 /* CoolSpot */;
			targetProxy = A15A5A93194DE83200FDE271 /* PBXContainerItemProxy */;
		};
		A15A5A96194DE83200FDE271 /* PBXTargetDependency */ = {
			isa = PBXTargetDependency;
			target = A15A5A6F194DE7D600FDE271 /* CoolSpot */;
			targetProxy = A15A5A95194DE83200FDE271 /* PBXContainerItemProxy */;
		};
		A15A5A98194DE86200FDE271 /* PBXTargetDependency */ = {
			isa = PBXTargetDependency;
			target = A15A5A6F194DE7D600FDE271 /* CoolSpot */;
			targetProxy = A15A5A97194DE86200FDE271 /* PBXContainerItemProxy */;
		};
		A15A5A9B194DE89600FDE271 /* PBXTargetDependency */ = {
			isa = PBXTargetDependency;
			target = A15A5A6F194DE7D600FDE271 /* CoolSpot */;
			targetProxy = A15A5A9A194DE89600FDE271 /* PBXContainerItemProxy */;
		};
		A15A5A9D194DE8B900FDE271 /* PBXTargetDependency */ = {
			isa = PBXTargetDependency;
			target = A15A5A6F194DE7D600FDE271 /* CoolSpot */;
			targetProxy = A15A5A9C194DE8B900FDE271 /* PBXContainerItemProxy */;
		};
/* End PBXTargetDependency section */

/* Begin XCBuildConfiguration section */
		A15A5A85194DE7D600FDE271 /* Debug */ = {
			isa = XCBuildConfiguration;
			baseConfigurationReference = BE8A582721B84940BA096385 /* Pods-CoolSpot.xcconfig */;
			buildSettings = {
				ALWAYS_SEARCH_USER_PATHS = NO;
				CLANG_CXX_LANGUAGE_STANDARD = "gnu++0x";
				CLANG_CXX_LIBRARY = "libc++";
				CLANG_ENABLE_MODULES = YES;
				CLANG_ENABLE_OBJC_ARC = YES;
				CLANG_WARN_BOOL_CONVERSION = YES;
				CLANG_WARN_CONSTANT_CONVERSION = YES;
				CLANG_WARN_DIRECT_OBJC_ISA_USAGE = YES_ERROR;
				CLANG_WARN_EMPTY_BODY = YES;
				CLANG_WARN_ENUM_CONVERSION = YES;
				CLANG_WARN_INT_CONVERSION = YES;
				CLANG_WARN_OBJC_ROOT_CLASS = YES_ERROR;
				CLANG_WARN_UNREACHABLE_CODE = YES;
				CLANG_WARN__DUPLICATE_METHOD_MATCH = YES;
				"CODE_SIGN_IDENTITY[sdk=iphoneos*]" = "iPhone Developer";
				COPY_PHASE_STRIP = NO;
				ENABLE_STRICT_OBJC_MSGSEND = YES;
				GCC_C_LANGUAGE_STANDARD = gnu99;
				GCC_DYNAMIC_NO_PIC = NO;
				GCC_OPTIMIZATION_LEVEL = 0;
				GCC_PREPROCESSOR_DEFINITIONS = (
					"DEBUG=1",
					"$(inherited)",
				);
				GCC_SYMBOLS_PRIVATE_EXTERN = NO;
				GCC_WARN_64_TO_32_BIT_CONVERSION = YES;
				GCC_WARN_ABOUT_RETURN_TYPE = YES_ERROR;
				GCC_WARN_UNDECLARED_SELECTOR = YES;
				GCC_WARN_UNINITIALIZED_AUTOS = YES_AGGRESSIVE;
				GCC_WARN_UNUSED_FUNCTION = YES;
				GCC_WARN_UNUSED_VARIABLE = YES;
				IPHONEOS_DEPLOYMENT_TARGET = 8.0;
				METAL_ENABLE_DEBUG_INFO = YES;
				ONLY_ACTIVE_ARCH = YES;
				SDKROOT = iphoneos;
				SWIFT_OPTIMIZATION_LEVEL = "-Onone";
			};
			name = Debug;
		};
		A15A5A86194DE7D600FDE271 /* Release */ = {
			isa = XCBuildConfiguration;
			buildSettings = {
				ALWAYS_SEARCH_USER_PATHS = NO;
				CLANG_CXX_LANGUAGE_STANDARD = "gnu++0x";
				CLANG_CXX_LIBRARY = "libc++";
				CLANG_ENABLE_MODULES = YES;
				CLANG_ENABLE_OBJC_ARC = YES;
				CLANG_WARN_BOOL_CONVERSION = YES;
				CLANG_WARN_CONSTANT_CONVERSION = YES;
				CLANG_WARN_DIRECT_OBJC_ISA_USAGE = YES_ERROR;
				CLANG_WARN_EMPTY_BODY = YES;
				CLANG_WARN_ENUM_CONVERSION = YES;
				CLANG_WARN_INT_CONVERSION = YES;
				CLANG_WARN_OBJC_ROOT_CLASS = YES_ERROR;
				CLANG_WARN_UNREACHABLE_CODE = YES;
				CLANG_WARN__DUPLICATE_METHOD_MATCH = YES;
				"CODE_SIGN_IDENTITY[sdk=iphoneos*]" = "iPhone Developer";
				COPY_PHASE_STRIP = YES;
				ENABLE_NS_ASSERTIONS = NO;
				ENABLE_STRICT_OBJC_MSGSEND = YES;
				GCC_C_LANGUAGE_STANDARD = gnu99;
				GCC_WARN_64_TO_32_BIT_CONVERSION = YES;
				GCC_WARN_ABOUT_RETURN_TYPE = YES_ERROR;
				GCC_WARN_UNDECLARED_SELECTOR = YES;
				GCC_WARN_UNINITIALIZED_AUTOS = YES_AGGRESSIVE;
				GCC_WARN_UNUSED_FUNCTION = YES;
				GCC_WARN_UNUSED_VARIABLE = YES;
				IPHONEOS_DEPLOYMENT_TARGET = 8.0;
				METAL_ENABLE_DEBUG_INFO = NO;
				SDKROOT = iphoneos;
				VALIDATE_PRODUCT = YES;
			};
			name = Release;
		};
		A15A5A88194DE7D600FDE271 /* Debug */ = {
			isa = XCBuildConfiguration;
			baseConfigurationReference = BE8A582721B84940BA096385 /* Pods-CoolSpot.xcconfig */;
			buildSettings = {
				ASSETCATALOG_COMPILER_APPICON_NAME = AppIcon;
				ASSETCATALOG_COMPILER_LAUNCHIMAGE_NAME = LaunchImage;
				INFOPLIST_FILE = "$(SRCROOT)/Info.plist";
				LD_RUNPATH_SEARCH_PATHS = "$(inherited) @executable_path/Frameworks";
				PRODUCT_NAME = "$(TARGET_NAME)";
				SWIFT_OBJC_BRIDGING_HEADER = "Code/Pods-BridgingHeader.h";
			};
			name = Debug;
		};
		A15A5A89194DE7D600FDE271 /* Release */ = {
			isa = XCBuildConfiguration;
			baseConfigurationReference = BE8A582721B84940BA096385 /* Pods-CoolSpot.xcconfig */;
			buildSettings = {
				ASSETCATALOG_COMPILER_APPICON_NAME = AppIcon;
				ASSETCATALOG_COMPILER_LAUNCHIMAGE_NAME = LaunchImage;
				INFOPLIST_FILE = "$(SRCROOT)/Info.plist";
				LD_RUNPATH_SEARCH_PATHS = "$(inherited) @executable_path/Frameworks";
				PRODUCT_NAME = "$(TARGET_NAME)";
				SWIFT_OBJC_BRIDGING_HEADER = "Code/Pods-BridgingHeader.h";
			};
			name = Release;
		};
		A15A5A8B194DE7D600FDE271 /* Debug */ = {
			isa = XCBuildConfiguration;
			buildSettings = {
				BUNDLE_LOADER = "$(BUILT_PRODUCTS_DIR)/CoolSpot.app/CoolSpot";
				FRAMEWORK_SEARCH_PATHS = (
					"$(SDKROOT)/Developer/Library/Frameworks",
					"$(inherited)",
				);
				GCC_PREPROCESSOR_DEFINITIONS = (
					"DEBUG=1",
					"$(inherited)",
				);
				INFOPLIST_FILE = Tests/Info.plist;
				LD_RUNPATH_SEARCH_PATHS = "$(inherited) @executable_path/Frameworks @loader_path/Frameworks";
				METAL_ENABLE_DEBUG_INFO = YES;
				PRODUCT_NAME = "$(TARGET_NAME)";
				TEST_HOST = "$(BUNDLE_LOADER)";
			};
			name = Debug;
		};
		A15A5A8C194DE7D600FDE271 /* Release */ = {
			isa = XCBuildConfiguration;
			buildSettings = {
				BUNDLE_LOADER = "$(BUILT_PRODUCTS_DIR)/CoolSpot.app/CoolSpot";
				FRAMEWORK_SEARCH_PATHS = (
					"$(SDKROOT)/Developer/Library/Frameworks",
					"$(inherited)",
				);
				INFOPLIST_FILE = Tests/Info.plist;
				LD_RUNPATH_SEARCH_PATHS = "$(inherited) @executable_path/Frameworks @loader_path/Frameworks";
				METAL_ENABLE_DEBUG_INFO = NO;
				PRODUCT_NAME = "$(TARGET_NAME)";
				TEST_HOST = "$(BUNDLE_LOADER)";
			};
			name = Release;
		};
/* End XCBuildConfiguration section */

/* Begin XCConfigurationList section */
		A15A5A6B194DE7D600FDE271 /* Build configuration list for PBXProject "CoolSpot" */ = {
			isa = XCConfigurationList;
			buildConfigurations = (
				A15A5A85194DE7D600FDE271 /* Debug */,
				A15A5A86194DE7D600FDE271 /* Release */,
			);
			defaultConfigurationIsVisible = 0;
			defaultConfigurationName = Release;
		};
		A15A5A87194DE7D600FDE271 /* Build configuration list for PBXNativeTarget "CoolSpot" */ = {
			isa = XCConfigurationList;
			buildConfigurations = (
				A15A5A88194DE7D600FDE271 /* Debug */,
				A15A5A89194DE7D600FDE271 /* Release */,
			);
			defaultConfigurationIsVisible = 0;
			defaultConfigurationName = Release;
		};
		A15A5A8A194DE7D600FDE271 /* Build configuration list for PBXNativeTarget "CoolSpotTests" */ = {
			isa = XCConfigurationList;
			buildConfigurations = (
				A15A5A8B194DE7D600FDE271 /* Debug */,
				A15A5A8C194DE7D600FDE271 /* Release */,
			);
			defaultConfigurationIsVisible = 0;
			defaultConfigurationName = Release;
		};
/* End XCConfigurationList section */
	};
	rootObject = A15A5A68194DE7D600FDE271 /* Project object */;
}
